
Microsoft Visual Studio Solution File, Format Version 12.00
# Visual Studio 15
VisualStudioVersion = 15.0.28307.271
MinimumVisualStudioVersion = 10.0.40219.1
Project("{FAE04EC0-301F-11D3-BF4B-00C04F79EFBC}") = "FinalCal", "ChatConsole\FinalCal.csproj", "{05C32096-D150-4918-8490-5F2E49BD4890}"
EndProject
Project("{FAE04EC0-301F-11D3-BF4B-00C04F79EFBC}") = "Smart.Agent", "Smart.Agent\Smart.Agent.csproj", "{BE6F599C-07F9-46DF-88DC-2D1691C2FB72}"
EndProject
Project("{FAE04EC0-301F-11D3-BF4B-00C04F79EFBC}") = "Smart.Hid", "Smart.Hid\Smart.Hid.csproj", "{2F4BF948-460C-4BDE-8978-A27D65AD12AD}"
EndProject
Project("{FAE04EC0-301F-11D3-BF4B-00C04F79EFBC}") = "Smart.Log", "Smart.Log\Smart.Log.csproj", "{9F7BCEF8-3F61-45D3-838B-83B320B9B4E3}"
EndProject
Global
	GlobalSection(SolutionConfigurationPlatforms) = preSolution
		Debug|Any CPU = Debug|Any CPU
		Release|Any CPU = Release|Any CPU
	EndGlobalSection
	GlobalSection(ProjectConfigurationPlatforms) = postSolution
		{05C32096-D150-4918-8490-5F2E49BD4890}.Debug|Any CPU.ActiveCfg = Debug|Any CPU
		{05C32096-D150-4918-8490-5F2E49BD4890}.Debug|Any CPU.Build.0 = Debug|Any CPU
		{05C32096-D150-4918-8490-5F2E49BD4890}.Release|Any CPU.ActiveCfg = Release|Any CPU
		{05C32096-D150-4918-8490-5F2E49BD4890}.Release|Any CPU.Build.0 = Release|Any CPU
		{BE6F599C-07F9-46DF-88DC-2D1691C2FB72}.Debug|Any CPU.ActiveCfg = Debug|Any CPU
		{BE6F599C-07F9-46DF-88DC-2D1691C2FB72}.Debug|Any CPU.Build.0 = Debug|Any CPU
		{BE6F599C-07F9-46DF-88DC-2D1691C2FB72}.Release|Any CPU.ActiveCfg = Release|Any CPU
		{BE6F599C-07F9-46DF-88DC-2D1691C2FB72}.Release|Any CPU.Build.0 = Release|Any CPU
		{2F4BF948-460C-4BDE-8978-A27D65AD12AD}.Debug|Any CPU.ActiveCfg = Debug|Any CPU
		{2F4BF948-460C-4BDE-8978-A27D65AD12AD}.Debug|Any CPU.Build.0 = Debug|Any CPU
		{2F4BF948-460C-4BDE-8978-A27D65AD12AD}.Release|Any CPU.ActiveCfg = Release|Any CPU
		{2F4BF948-460C-4BDE-8978-A27D65AD12AD}.Release|Any CPU.Build.0 = Release|Any CPU
		{9F7BCEF8-3F61-45D3-838B-83B320B9B4E3}.Debug|Any CPU.ActiveCfg = Debug|Any CPU
		{9F7BCEF8-3F61-45D3-838B-83B320B9B4E3}.Debug|Any CPU.Build.0 = Debug|Any CPU
		{9F7BCEF8-3F61-45D3-838B-83B320B9B4E3}.Release|Any CPU.ActiveCfg = Release|Any CPU
		{9F7BCEF8-3F61-45D3-838B-83B320B9B4E3}.Release|Any CPU.Build.0 = Release|Any CPU
	EndGlobalSection
	GlobalSection(SolutionProperties) = preSolution
		HideSolutionNode = FALSE
	EndGlobalSection
	GlobalSection(ExtensibilityGlobals) = postSolution
		SolutionGuid = {F0B4D501-1EEA-46AE-BF2C-4B1CD76E4C53}
	EndGlobalSection
EndGlobal
